
Microsoft Visual Studio Solution File, Format Version 12.00
# Visual Studio Version 17
VisualStudioVersion = 17.3.32825.248
MinimumVisualStudioVersion = 10.0.40219.1
Project("{9A19103F-16F7-4668-BE54-9A1E7A4F7556}") = "Fruitkha.Client", "Fruitkha.Client\Fruitkha.Client.csproj", "{FF9690A5-6722-4D58-986F-0C234B3B3A49}"
EndProject
Project("{9A19103F-16F7-4668-BE54-9A1E7A4F7556}") = "Fruitkha.Core", "Fruitkha.Core\Fruitkha.Core.csproj", "{FC25D96B-1ADA-4B1D-909B-171E0F577766}"
EndProject
Project("{9A19103F-16F7-4668-BE54-9A1E7A4F7556}") = "Fruitkha.Infrastructure", "Fruitkha.Infrastructure\Fruitkha.Infrastructure.csproj", "{FE411790-78E4-4CD8-B415-53DB0CBE1F4F}"
EndProject
Project("{9A19103F-16F7-4668-BE54-9A1E7A4F7556}") = "Fruitkha.Tests", "Fruitkha.Tests\Fruitkha.Tests.csproj", "{36B2AB5E-295E-4DCC-A9C8-629FFF8516F9}"
EndProject
Project("{FAE04EC0-301F-11D3-BF4B-00C04F79EFBC}") = "Fruitkha.Services", "Fruitkha.Services\Fruitkha.Services.csproj", "{57045491-BC8D-43AA-8F76-151FCF6F3E8C}"
EndProject
Global
	GlobalSection(SolutionConfigurationPlatforms) = preSolution
		Debug|Any CPU = Debug|Any CPU
		Release|Any CPU = Release|Any CPU
	EndGlobalSection
	GlobalSection(ProjectConfigurationPlatforms) = postSolution
		{FF9690A5-6722-4D58-986F-0C234B3B3A49}.Debug|Any CPU.ActiveCfg = Debug|Any CPU
		{FF9690A5-6722-4D58-986F-0C234B3B3A49}.Debug|Any CPU.Build.0 = Debug|Any CPU
		{FF9690A5-6722-4D58-986F-0C234B3B3A49}.Release|Any CPU.ActiveCfg = Release|Any CPU
		{FF9690A5-6722-4D58-986F-0C234B3B3A49}.Release|Any CPU.Build.0 = Release|Any CPU
		{FC25D96B-1ADA-4B1D-909B-171E0F577766}.Debug|Any CPU.ActiveCfg = Debug|Any CPU
		{FC25D96B-1ADA-4B1D-909B-171E0F577766}.Debug|Any CPU.Build.0 = Debug|Any CPU
		{FC25D96B-1ADA-4B1D-909B-171E0F577766}.Release|Any CPU.ActiveCfg = Release|Any CPU
		{FC25D96B-1ADA-4B1D-909B-171E0F577766}.Release|Any CPU.Build.0 = Release|Any CPU
		{FE411790-78E4-4CD8-B415-53DB0CBE1F4F}.Debug|Any CPU.ActiveCfg = Debug|Any CPU
		{FE411790-78E4-4CD8-B415-53DB0CBE1F4F}.Debug|Any CPU.Build.0 = Debug|Any CPU
		{FE411790-78E4-4CD8-B415-53DB0CBE1F4F}.Release|Any CPU.ActiveCfg = Release|Any CPU
		{FE411790-78E4-4CD8-B415-53DB0CBE1F4F}.Release|Any CPU.Build.0 = Release|Any CPU
		{36B2AB5E-295E-4DCC-A9C8-629FFF8516F9}.Debug|Any CPU.ActiveCfg = Debug|Any CPU
		{36B2AB5E-295E-4DCC-A9C8-629FFF8516F9}.Debug|Any CPU.Build.0 = Debug|Any CPU
		{36B2AB5E-295E-4DCC-A9C8-629FFF8516F9}.Release|Any CPU.ActiveCfg = Release|Any CPU
		{36B2AB5E-295E-4DCC-A9C8-629FFF8516F9}.Release|Any CPU.Build.0 = Release|Any CPU
		{57045491-BC8D-43AA-8F76-151FCF6F3E8C}.Debug|Any CPU.ActiveCfg = Debug|Any CPU
		{57045491-BC8D-43AA-8F76-151FCF6F3E8C}.Debug|Any CPU.Build.0 = Debug|Any CPU
		{57045491-BC8D-43AA-8F76-151FCF6F3E8C}.Release|Any CPU.ActiveCfg = Release|Any CPU
		{57045491-BC8D-43AA-8F76-151FCF6F3E8C}.Release|Any CPU.Build.0 = Release|Any CPU
	EndGlobalSection
	GlobalSection(SolutionProperties) = preSolution
		HideSolutionNode = FALSE
	EndGlobalSection
	GlobalSection(ExtensibilityGlobals) = postSolution
		SolutionGuid = {DF597BDF-7950-4782-A6EA-CBA6DCB6007F}
	EndGlobalSection
EndGlobal
